
Microsoft Visual Studio Solution File, Format Version 12.00
# Visual Studio Version 16
VisualStudioVersion = 16.0.32630.194
MinimumVisualStudioVersion = 10.0.40219.1
Project("{FAE04EC0-301F-11D3-BF4B-00C04F79EFBC}") = "Order.Api", "Order\Order.Api.csproj", "{68E174E3-F859-4667-8E80-574940331F37}"
EndProject
Project("{FAE04EC0-301F-11D3-BF4B-00C04F79EFBC}") = "Order.Domain", "Order.Domain\Order.Domain.csproj", "{36BEC15D-4AA1-4E6C-A214-0FFBD7C178A8}"
EndProject
Project("{FAE04EC0-301F-11D3-BF4B-00C04F79EFBC}") = "Order.Application", "Order.Application\Order.Application.csproj", "{9C95C2E9-E12D-4218-9CAD-A7A0A0E28AFF}"
EndProject
Project("{FAE04EC0-301F-11D3-BF4B-00C04F79EFBC}") = "Order.Infra", "Order.Infra\Order.Infra.csproj", "{FFC06413-38EE-4197-AB77-02557C1632CE}"
EndProject
Global
	GlobalSection(SolutionConfigurationPlatforms) = preSolution
		Debug|Any CPU = Debug|Any CPU
		Release|Any CPU = Release|Any CPU
	EndGlobalSection
	GlobalSection(ProjectConfigurationPlatforms) = postSolution
		{68E174E3-F859-4667-8E80-574940331F37}.Debug|Any CPU.ActiveCfg = Debug|Any CPU
		{68E174E3-F859-4667-8E80-574940331F37}.Debug|Any CPU.Build.0 = Debug|Any CPU
		{68E174E3-F859-4667-8E80-574940331F37}.Release|Any CPU.ActiveCfg = Release|Any CPU
		{68E174E3-F859-4667-8E80-574940331F37}.Release|Any CPU.Build.0 = Release|Any CPU
		{36BEC15D-4AA1-4E6C-A214-0FFBD7C178A8}.Debug|Any CPU.ActiveCfg = Debug|Any CPU
		{36BEC15D-4AA1-4E6C-A214-0FFBD7C178A8}.Debug|Any CPU.Build.0 = Debug|Any CPU
		{36BEC15D-4AA1-4E6C-A214-0FFBD7C178A8}.Release|Any CPU.ActiveCfg = Release|Any CPU
		{36BEC15D-4AA1-4E6C-A214-0FFBD7C178A8}.Release|Any CPU.Build.0 = Release|Any CPU
		{9C95C2E9-E12D-4218-9CAD-A7A0A0E28AFF}.Debug|Any CPU.ActiveCfg = Debug|Any CPU
		{9C95C2E9-E12D-4218-9CAD-A7A0A0E28AFF}.Debug|Any CPU.Build.0 = Debug|Any CPU
		{9C95C2E9-E12D-4218-9CAD-A7A0A0E28AFF}.Release|Any CPU.ActiveCfg = Release|Any CPU
		{9C95C2E9-E12D-4218-9CAD-A7A0A0E28AFF}.Release|Any CPU.Build.0 = Release|Any CPU
		{FFC06413-38EE-4197-AB77-02557C1632CE}.Debug|Any CPU.ActiveCfg = Debug|Any CPU
		{FFC06413-38EE-4197-AB77-02557C1632CE}.Debug|Any CPU.Build.0 = Debug|Any CPU
		{FFC06413-38EE-4197-AB77-02557C1632CE}.Release|Any CPU.ActiveCfg = Release|Any CPU
		{FFC06413-38EE-4197-AB77-02557C1632CE}.Release|Any CPU.Build.0 = Release|Any CPU
	EndGlobalSection
	GlobalSection(SolutionProperties) = preSolution
		HideSolutionNode = FALSE
	EndGlobalSection
	GlobalSection(ExtensibilityGlobals) = postSolution
		SolutionGuid = {910F0198-C110-4905-A8ED-3F5AD8AF8021}
	EndGlobalSection
EndGlobal
